
Microsoft Visual Studio Solution File, Format Version 12.00
# Visual Studio 15
VisualStudioVersion = 15.0.28307.168
MinimumVisualStudioVersion = 10.0.40219.1
Project("{FAE04EC0-301F-11D3-BF4B-00C04F79EFBC}") = "DirectorioUACM.Android", "DirectorioUACM\DirectorioUACM.Android\DirectorioUACM.Android.csproj", "{10C12ED8-DC98-43D1-8EA5-6D60DE90887B}"
EndProject
Project("{FAE04EC0-301F-11D3-BF4B-00C04F79EFBC}") = "DirectorioUACM.iOS", "DirectorioUACM\DirectorioUACM.iOS\DirectorioUACM.iOS.csproj", "{8AF887CD-D888-4691-9EFE-7F6DBEEA1B66}"
EndProject
Project("{FAE04EC0-301F-11D3-BF4B-00C04F79EFBC}") = "DirectorioUACM", "DirectorioUACM\DirectorioUACM\DirectorioUACM.csproj", "{0E71EF9B-3899-4F22-8CFD-89460196FD15}"
EndProject
Project("{FAE04EC0-301F-11D3-BF4B-00C04F79EFBC}") = "DirectorioBackend", "DirectorioBackend\DirectorioBackend.csproj", "{18FC30EA-18D1-489A-8533-D858C4330EE7}"
EndProject
Project("{FAE04EC0-301F-11D3-BF4B-00C04F79EFBC}") = "Directorio.API", "Directorio.API\Directorio.API.csproj", "{914D3ECE-00A4-4DB2-BFD9-4C0D4F06229A}"
EndProject
Project("{FAE04EC0-301F-11D3-BF4B-00C04F79EFBC}") = "Directorio.Domain", "Directorio.Domain\Directorio.Domain.csproj", "{4C46A8F2-359F-488D-91EC-0C893957BB8D}"
EndProject
Project("{FAE04EC0-301F-11D3-BF4B-00C04F79EFBC}") = "Directorio.Common", "Directorio.Common\Directorio.Common.csproj", "{B462449C-2A5D-4E6B-8ABF-09CF7C783F81}"
EndProject
Global
	GlobalSection(SolutionConfigurationPlatforms) = preSolution
		Ad-Hoc|Any CPU = Ad-Hoc|Any CPU
		Ad-Hoc|iPhone = Ad-Hoc|iPhone
		Ad-Hoc|iPhoneSimulator = Ad-Hoc|iPhoneSimulator
		AppStore|Any CPU = AppStore|Any CPU
		AppStore|iPhone = AppStore|iPhone
		AppStore|iPhoneSimulator = AppStore|iPhoneSimulator
		Debug|Any CPU = Debug|Any CPU
		Debug|iPhone = Debug|iPhone
		Debug|iPhoneSimulator = Debug|iPhoneSimulator
		Release|Any CPU = Release|Any CPU
		Release|iPhone = Release|iPhone
		Release|iPhoneSimulator = Release|iPhoneSimulator
	EndGlobalSection
	GlobalSection(ProjectConfigurationPlatforms) = postSolution
		{10C12ED8-DC98-43D1-8EA5-6D60DE90887B}.Ad-Hoc|Any CPU.ActiveCfg = Release|Any CPU
		{10C12ED8-DC98-43D1-8EA5-6D60DE90887B}.Ad-Hoc|Any CPU.Build.0 = Release|Any CPU
		{10C12ED8-DC98-43D1-8EA5-6D60DE90887B}.Ad-Hoc|Any CPU.Deploy.0 = Release|Any CPU
		{10C12ED8-DC98-43D1-8EA5-6D60DE90887B}.Ad-Hoc|iPhone.ActiveCfg = Release|Any CPU
		{10C12ED8-DC98-43D1-8EA5-6D60DE90887B}.Ad-Hoc|iPhone.Build.0 = Release|Any CPU
		{10C12ED8-DC98-43D1-8EA5-6D60DE90887B}.Ad-Hoc|iPhone.Deploy.0 = Release|Any CPU
		{10C12ED8-DC98-43D1-8EA5-6D60DE90887B}.Ad-Hoc|iPhoneSimulator.ActiveCfg = Release|Any CPU
		{10C12ED8-DC98-43D1-8EA5-6D60DE90887B}.Ad-Hoc|iPhoneSimulator.Build.0 = Release|Any CPU
		{10C12ED8-DC98-43D1-8EA5-6D60DE90887B}.Ad-Hoc|iPhoneSimulator.Deploy.0 = Release|Any CPU
		{10C12ED8-DC98-43D1-8EA5-6D60DE90887B}.AppStore|Any CPU.ActiveCfg = Release|Any CPU
		{10C12ED8-DC98-43D1-8EA5-6D60DE90887B}.AppStore|Any CPU.Build.0 = Release|Any CPU
		{10C12ED8-DC98-43D1-8EA5-6D60DE90887B}.AppStore|Any CPU.Deploy.0 = Release|Any CPU
		{10C12ED8-DC98-43D1-8EA5-6D60DE90887B}.AppStore|iPhone.ActiveCfg = Release|Any CPU
		{10C12ED8-DC98-43D1-8EA5-6D60DE90887B}.AppStore|iPhone.Build.0 = Release|Any CPU
		{10C12ED8-DC98-43D1-8EA5-6D60DE90887B}.AppStore|iPhone.Deploy.0 = Release|Any CPU
		{10C12ED8-DC98-43D1-8EA5-6D60DE90887B}.AppStore|iPhoneSimulator.ActiveCfg = Release|Any CPU
		{10C12ED8-DC98-43D1-8EA5-6D60DE90887B}.AppStore|iPhoneSimulator.Build.0 = Release|Any CPU
		{10C12ED8-DC98-43D1-8EA5-6D60DE90887B}.AppStore|iPhoneSimulator.Deploy.0 = Release|Any CPU
		{10C12ED8-DC98-43D1-8EA5-6D60DE90887B}.Debug|Any CPU.ActiveCfg = Debug|Any CPU
		{10C12ED8-DC98-43D1-8EA5-6D60DE90887B}.Debug|Any CPU.Build.0 = Debug|Any CPU
		{10C12ED8-DC98-43D1-8EA5-6D60DE90887B}.Debug|Any CPU.Deploy.0 = Debug|Any CPU
		{10C12ED8-DC98-43D1-8EA5-6D60DE90887B}.Debug|iPhone.ActiveCfg = Debug|Any CPU
		{10C12ED8-DC98-43D1-8EA5-6D60DE90887B}.Debug|iPhone.Build.0 = Debug|Any CPU
		{10C12ED8-DC98-43D1-8EA5-6D60DE90887B}.Debug|iPhone.Deploy.0 = Debug|Any CPU
		{10C12ED8-DC98-43D1-8EA5-6D60DE90887B}.Debug|iPhoneSimulator.ActiveCfg = Debug|Any CPU
		{10C12ED8-DC98-43D1-8EA5-6D60DE90887B}.Debug|iPhoneSimulator.Build.0 = Debug|Any CPU
		{10C12ED8-DC98-43D1-8EA5-6D60DE90887B}.Debug|iPhoneSimulator.Deploy.0 = Debug|Any CPU
		{10C12ED8-DC98-43D1-8EA5-6D60DE90887B}.Release|Any CPU.ActiveCfg = Release|Any CPU
		{10C12ED8-DC98-43D1-8EA5-6D60DE90887B}.Release|Any CPU.Build.0 = Release|Any CPU
		{10C12ED8-DC98-43D1-8EA5-6D60DE90887B}.Release|Any CPU.Deploy.0 = Release|Any CPU
		{10C12ED8-DC98-43D1-8EA5-6D60DE90887B}.Release|iPhone.ActiveCfg = Release|Any CPU
		{10C12ED8-DC98-43D1-8EA5-6D60DE90887B}.Release|iPhone.Build.0 = Release|Any CPU
		{10C12ED8-DC98-43D1-8EA5-6D60DE90887B}.Release|iPhone.Deploy.0 = Release|Any CPU
		{10C12ED8-DC98-43D1-8EA5-6D60DE90887B}.Release|iPhoneSimulator.ActiveCfg = Release|Any CPU
		{10C12ED8-DC98-43D1-8EA5-6D60DE90887B}.Release|iPhoneSimulator.Build.0 = Release|Any CPU
		{10C12ED8-DC98-43D1-8EA5-6D60DE90887B}.Release|iPhoneSimulator.Deploy.0 = Release|Any CPU
		{8AF887CD-D888-4691-9EFE-7F6DBEEA1B66}.Ad-Hoc|Any CPU.ActiveCfg = Ad-Hoc|iPhone
		{8AF887CD-D888-4691-9EFE-7F6DBEEA1B66}.Ad-Hoc|Any CPU.Build.0 = Ad-Hoc|iPhone
		{8AF887CD-D888-4691-9EFE-7F6DBEEA1B66}.Ad-Hoc|Any CPU.Deploy.0 = Ad-Hoc|iPhone
		{8AF887CD-D888-4691-9EFE-7F6DBEEA1B66}.Ad-Hoc|iPhone.ActiveCfg = Ad-Hoc|iPhone
		{8AF887CD-D888-4691-9EFE-7F6DBEEA1B66}.Ad-Hoc|iPhone.Build.0 = Ad-Hoc|iPhone
		{8AF887CD-D888-4691-9EFE-7F6DBEEA1B66}.Ad-Hoc|iPhone.Deploy.0 = Ad-Hoc|iPhone
		{8AF887CD-D888-4691-9EFE-7F6DBEEA1B66}.Ad-Hoc|iPhoneSimulator.ActiveCfg = Ad-Hoc|iPhoneSimulator
		{8AF887CD-D888-4691-9EFE-7F6DBEEA1B66}.Ad-Hoc|iPhoneSimulator.Build.0 = Ad-Hoc|iPhoneSimulator
		{8AF887CD-D888-4691-9EFE-7F6DBEEA1B66}.Ad-Hoc|iPhoneSimulator.Deploy.0 = Ad-Hoc|iPhoneSimulator
		{8AF887CD-D888-4691-9EFE-7F6DBEEA1B66}.AppStore|Any CPU.ActiveCfg = AppStore|iPhone
		{8AF887CD-D888-4691-9EFE-7F6DBEEA1B66}.AppStore|Any CPU.Build.0 = AppStore|iPhone
		{8AF887CD-D888-4691-9EFE-7F6DBEEA1B66}.AppStore|Any CPU.Deploy.0 = AppStore|iPhone
		{8AF887CD-D888-4691-9EFE-7F6DBEEA1B66}.AppStore|iPhone.ActiveCfg = AppStore|iPhone
		{8AF887CD-D888-4691-9EFE-7F6DBEEA1B66}.AppStore|iPhone.Build.0 = AppStore|iPhone
		{8AF887CD-D888-4691-9EFE-7F6DBEEA1B66}.AppStore|iPhone.Deploy.0 = AppStore|iPhone
		{8AF887CD-D888-4691-9EFE-7F6DBEEA1B66}.AppStore|iPhoneSimulator.ActiveCfg = AppStore|iPhoneSimulator
		{8AF887CD-D888-4691-9EFE-7F6DBEEA1B66}.AppStore|iPhoneSimulator.Build.0 = AppStore|iPhoneSimulator
		{8AF887CD-D888-4691-9EFE-7F6DBEEA1B66}.AppStore|iPhoneSimulator.Deploy.0 = AppStore|iPhoneSimulator
		{8AF887CD-D888-4691-9EFE-7F6DBEEA1B66}.Debug|Any CPU.ActiveCfg = Debug|iPhoneSimulator
		{8AF887CD-D888-4691-9EFE-7F6DBEEA1B66}.Debug|Any CPU.Build.0 = Debug|iPhoneSimulator
		{8AF887CD-D888-4691-9EFE-7F6DBEEA1B66}.Debug|Any CPU.Deploy.0 = Debug|iPhoneSimulator
		{8AF887CD-D888-4691-9EFE-7F6DBEEA1B66}.Debug|iPhone.ActiveCfg = Debug|iPhone
		{8AF887CD-D888-4691-9EFE-7F6DBEEA1B66}.Debug|iPhone.Build.0 = Debug|iPhone
		{8AF887CD-D888-4691-9EFE-7F6DBEEA1B66}.Debug|iPhone.Deploy.0 = Debug|iPhone
		{8AF887CD-D888-4691-9EFE-7F6DBEEA1B66}.Debug|iPhoneSimulator.ActiveCfg = Debug|iPhoneSimulator
		{8AF887CD-D888-4691-9EFE-7F6DBEEA1B66}.Debug|iPhoneSimulator.Build.0 = Debug|iPhoneSimulator
		{8AF887CD-D888-4691-9EFE-7F6DBEEA1B66}.Debug|iPhoneSimulator.Deploy.0 = Debug|iPhoneSimulator
		{8AF887CD-D888-4691-9EFE-7F6DBEEA1B66}.Release|Any CPU.ActiveCfg = Release|iPhone
		{8AF887CD-D888-4691-9EFE-7F6DBEEA1B66}.Release|Any CPU.Build.0 = Release|iPhone
		{8AF887CD-D888-4691-9EFE-7F6DBEEA1B66}.Release|Any CPU.Deploy.0 = Release|iPhone
		{8AF887CD-D888-4691-9EFE-7F6DBEEA1B66}.Release|iPhone.ActiveCfg = Release|iPhone
		{8AF887CD-D888-4691-9EFE-7F6DBEEA1B66}.Release|iPhone.Build.0 = Release|iPhone
		{8AF887CD-D888-4691-9EFE-7F6DBEEA1B66}.Release|iPhone.Deploy.0 = Release|iPhone
		{8AF887CD-D888-4691-9EFE-7F6DBEEA1B66}.Release|iPhoneSimulator.ActiveCfg = Release|iPhoneSimulator
		{8AF887CD-D888-4691-9EFE-7F6DBEEA1B66}.Release|iPhoneSimulator.Build.0 = Release|iPhoneSimulator
		{8AF887CD-D888-4691-9EFE-7F6DBEEA1B66}.Release|iPhoneSimulator.Deploy.0 = Release|iPhoneSimulator
		{0E71EF9B-3899-4F22-8CFD-89460196FD15}.Ad-Hoc|Any CPU.ActiveCfg = Debug|Any CPU
		{0E71EF9B-3899-4F22-8CFD-89460196FD15}.Ad-Hoc|Any CPU.Build.0 = Debug|Any CPU
		{0E71EF9B-3899-4F22-8CFD-89460196FD15}.Ad-Hoc|Any CPU.Deploy.0 = Debug|Any CPU
		{0E71EF9B-3899-4F22-8CFD-89460196FD15}.Ad-Hoc|iPhone.ActiveCfg = Debug|Any CPU
		{0E71EF9B-3899-4F22-8CFD-89460196FD15}.Ad-Hoc|iPhone.Build.0 = Debug|Any CPU
		{0E71EF9B-3899-4F22-8CFD-89460196FD15}.Ad-Hoc|iPhone.Deploy.0 = Debug|Any CPU
		{0E71EF9B-3899-4F22-8CFD-89460196FD15}.Ad-Hoc|iPhoneSimulator.ActiveCfg = Debug|Any CPU
		{0E71EF9B-3899-4F22-8CFD-89460196FD15}.Ad-Hoc|iPhoneSimulator.Build.0 = Debug|Any CPU
		{0E71EF9B-3899-4F22-8CFD-89460196FD15}.Ad-Hoc|iPhoneSimulator.Deploy.0 = Debug|Any CPU
		{0E71EF9B-3899-4F22-8CFD-89460196FD15}.AppStore|Any CPU.ActiveCfg = Debug|Any CPU
		{0E71EF9B-3899-4F22-8CFD-89460196FD15}.AppStore|Any CPU.Build.0 = Debug|Any CPU
		{0E71EF9B-3899-4F22-8CFD-89460196FD15}.AppStore|Any CPU.Deploy.0 = Debug|Any CPU
		{0E71EF9B-3899-4F22-8CFD-89460196FD15}.AppStore|iPhone.ActiveCfg = Debug|Any CPU
		{0E71EF9B-3899-4F22-8CFD-89460196FD15}.AppStore|iPhone.Build.0 = Debug|Any CPU
		{0E71EF9B-3899-4F22-8CFD-89460196FD15}.AppStore|iPhone.Deploy.0 = Debug|Any CPU
		{0E71EF9B-3899-4F22-8CFD-89460196FD15}.AppStore|iPhoneSimulator.ActiveCfg = Debug|Any CPU
		{0E71EF9B-3899-4F22-8CFD-89460196FD15}.AppStore|iPhoneSimulator.Build.0 = Debug|Any CPU
		{0E71EF9B-3899-4F22-8CFD-89460196FD15}.AppStore|iPhoneSimulator.Deploy.0 = Debug|Any CPU
		{0E71EF9B-3899-4F22-8CFD-89460196FD15}.Debug|Any CPU.ActiveCfg = Debug|Any CPU
		{0E71EF9B-3899-4F22-8CFD-89460196FD15}.Debug|Any CPU.Build.0 = Debug|Any CPU
		{0E71EF9B-3899-4F22-8CFD-89460196FD15}.Debug|Any CPU.Deploy.0 = Debug|Any CPU
		{0E71EF9B-3899-4F22-8CFD-89460196FD15}.Debug|iPhone.ActiveCfg = Debug|Any CPU
		{0E71EF9B-3899-4F22-8CFD-89460196FD15}.Debug|iPhone.Build.0 = Debug|Any CPU
		{0E71EF9B-3899-4F22-8CFD-89460196FD15}.Debug|iPhone.Deploy.0 = Debug|Any CPU
		{0E71EF9B-3899-4F22-8CFD-89460196FD15}.Debug|iPhoneSimulator.ActiveCfg = Debug|Any CPU
		{0E71EF9B-3899-4F22-8CFD-89460196FD15}.Debug|iPhoneSimulator.Build.0 = Debug|Any CPU
		{0E71EF9B-3899-4F22-8CFD-89460196FD15}.Debug|iPhoneSimulator.Deploy.0 = Debug|Any CPU
		{0E71EF9B-3899-4F22-8CFD-89460196FD15}.Release|Any CPU.ActiveCfg = Release|Any CPU
		{0E71EF9B-3899-4F22-8CFD-89460196FD15}.Release|Any CPU.Build.0 = Release|Any CPU
		{0E71EF9B-3899-4F22-8CFD-89460196FD15}.Release|Any CPU.Deploy.0 = Release|Any CPU
		{0E71EF9B-3899-4F22-8CFD-89460196FD15}.Release|iPhone.ActiveCfg = Release|Any CPU
		{0E71EF9B-3899-4F22-8CFD-89460196FD15}.Release|iPhone.Build.0 = Release|Any CPU
		{0E71EF9B-3899-4F22-8CFD-89460196FD15}.Release|iPhone.Deploy.0 = Release|Any CPU
		{0E71EF9B-3899-4F22-8CFD-89460196FD15}.Release|iPhoneSimulator.ActiveCfg = Release|Any CPU
		{0E71EF9B-3899-4F22-8CFD-89460196FD15}.Release|iPhoneSimulator.Build.0 = Release|Any CPU
		{0E71EF9B-3899-4F22-8CFD-89460196FD15}.Release|iPhoneSimulator.Deploy.0 = Release|Any CPU
		{18FC30EA-18D1-489A-8533-D858C4330EE7}.Ad-Hoc|Any CPU.ActiveCfg = Release|Any CPU
		{18FC30EA-18D1-489A-8533-D858C4330EE7}.Ad-Hoc|Any CPU.Build.0 = Release|Any CPU
		{18FC30EA-18D1-489A-8533-D858C4330EE7}.Ad-Hoc|iPhone.ActiveCfg = Release|Any CPU
		{18FC30EA-18D1-489A-8533-D858C4330EE7}.Ad-Hoc|iPhone.Build.0 = Release|Any CPU
		{18FC30EA-18D1-489A-8533-D858C4330EE7}.Ad-Hoc|iPhoneSimulator.ActiveCfg = Release|Any CPU
		{18FC30EA-18D1-489A-8533-D858C4330EE7}.Ad-Hoc|iPhoneSimulator.Build.0 = Release|Any CPU
		{18FC30EA-18D1-489A-8533-D858C4330EE7}.AppStore|Any CPU.ActiveCfg = Release|Any CPU
		{18FC30EA-18D1-489A-8533-D858C4330EE7}.AppStore|Any CPU.Build.0 = Release|Any CPU
		{18FC30EA-18D1-489A-8533-D858C4330EE7}.AppStore|iPhone.ActiveCfg = Release|Any CPU
		{18FC30EA-18D1-489A-8533-D858C4330EE7}.AppStore|iPhone.Build.0 = Release|Any CPU
		{18FC30EA-18D1-489A-8533-D858C4330EE7}.AppStore|iPhoneSimulator.ActiveCfg = Release|Any CPU
		{18FC30EA-18D1-489A-8533-D858C4330EE7}.AppStore|iPhoneSimulator.Build.0 = Release|Any CPU
		{18FC30EA-18D1-489A-8533-D858C4330EE7}.Debug|Any CPU.ActiveCfg = Debug|Any CPU
		{18FC30EA-18D1-489A-8533-D858C4330EE7}.Debug|Any CPU.Build.0 = Debug|Any CPU
		{18FC30EA-18D1-489A-8533-D858C4330EE7}.Debug|iPhone.ActiveCfg = Debug|Any CPU
		{18FC30EA-18D1-489A-8533-D858C4330EE7}.Debug|iPhone.Build.0 = Debug|Any CPU
		{18FC30EA-18D1-489A-8533-D858C4330EE7}.Debug|iPhoneSimulator.ActiveCfg = Debug|Any CPU
		{18FC30EA-18D1-489A-8533-D858C4330EE7}.Debug|iPhoneSimulator.Build.0 = Debug|Any CPU
		{18FC30EA-18D1-489A-8533-D858C4330EE7}.Release|Any CPU.ActiveCfg = Release|Any CPU
		{18FC30EA-18D1-489A-8533-D858C4330EE7}.Release|Any CPU.Build.0 = Release|Any CPU
		{18FC30EA-18D1-489A-8533-D858C4330EE7}.Release|iPhone.ActiveCfg = Release|Any CPU
		{18FC30EA-18D1-489A-8533-D858C4330EE7}.Release|iPhone.Build.0 = Release|Any CPU
		{18FC30EA-18D1-489A-8533-D858C4330EE7}.Release|iPhoneSimulator.ActiveCfg = Release|Any CPU
		{18FC30EA-18D1-489A-8533-D858C4330EE7}.Release|iPhoneSimulator.Build.0 = Release|Any CPU
		{914D3ECE-00A4-4DB2-BFD9-4C0D4F06229A}.Ad-Hoc|Any CPU.ActiveCfg = Release|Any CPU
		{914D3ECE-00A4-4DB2-BFD9-4C0D4F06229A}.Ad-Hoc|Any CPU.Build.0 = Release|Any CPU
		{914D3ECE-00A4-4DB2-BFD9-4C0D4F06229A}.Ad-Hoc|iPhone.ActiveCfg = Release|Any CPU
		{914D3ECE-00A4-4DB2-BFD9-4C0D4F06229A}.Ad-Hoc|iPhone.Build.0 = Release|Any CPU
		{914D3ECE-00A4-4DB2-BFD9-4C0D4F06229A}.Ad-Hoc|iPhoneSimulator.ActiveCfg = Release|Any CPU
		{914D3ECE-00A4-4DB2-BFD9-4C0D4F06229A}.Ad-Hoc|iPhoneSimulator.Build.0 = Release|Any CPU
		{914D3ECE-00A4-4DB2-BFD9-4C0D4F06229A}.AppStore|Any CPU.ActiveCfg = Release|Any CPU
		{914D3ECE-00A4-4DB2-BFD9-4C0D4F06229A}.AppStore|Any CPU.Build.0 = Release|Any CPU
		{914D3ECE-00A4-4DB2-BFD9-4C0D4F06229A}.AppStore|iPhone.ActiveCfg = Release|Any CPU
		{914D3ECE-00A4-4DB2-BFD9-4C0D4F06229A}.AppStore|iPhone.Build.0 = Release|Any CPU
		{914D3ECE-00A4-4DB2-BFD9-4C0D4F06229A}.AppStore|iPhoneSimulator.ActiveCfg = Release|Any CPU
		{914D3ECE-00A4-4DB2-BFD9-4C0D4F06229A}.AppStore|iPhoneSimulator.Build.0 = Release|Any CPU
		{914D3ECE-00A4-4DB2-BFD9-4C0D4F06229A}.Debug|Any CPU.ActiveCfg = Debug|Any CPU
		{914D3ECE-00A4-4DB2-BFD9-4C0D4F06229A}.Debug|Any CPU.Build.0 = Debug|Any CPU
		{914D3ECE-00A4-4DB2-BFD9-4C0D4F06229A}.Debug|iPhone.ActiveCfg = Debug|Any CPU
		{914D3ECE-00A4-4DB2-BFD9-4C0D4F06229A}.Debug|iPhone.Build.0 = Debug|Any CPU
		{914D3ECE-00A4-4DB2-BFD9-4C0D4F06229A}.Debug|iPhoneSimulator.ActiveCfg = Debug|Any CPU
		{914D3ECE-00A4-4DB2-BFD9-4C0D4F06229A}.Debug|iPhoneSimulator.Build.0 = Debug|Any CPU
		{914D3ECE-00A4-4DB2-BFD9-4C0D4F06229A}.Release|Any CPU.ActiveCfg = Release|Any CPU
		{914D3ECE-00A4-4DB2-BFD9-4C0D4F06229A}.Release|Any CPU.Build.0 = Release|Any CPU
		{914D3ECE-00A4-4DB2-BFD9-4C0D4F06229A}.Release|iPhone.ActiveCfg = Release|Any CPU
		{914D3ECE-00A4-4DB2-BFD9-4C0D4F06229A}.Release|iPhone.Build.0 = Release|Any CPU
		{914D3ECE-00A4-4DB2-BFD9-4C0D4F06229A}.Release|iPhoneSimulator.ActiveCfg = Release|Any CPU
		{914D3ECE-00A4-4DB2-BFD9-4C0D4F06229A}.Release|iPhoneSimulator.Build.0 = Release|Any CPU
		{4C46A8F2-359F-488D-91EC-0C893957BB8D}.Ad-Hoc|Any CPU.ActiveCfg = Release|Any CPU
		{4C46A8F2-359F-488D-91EC-0C893957BB8D}.Ad-Hoc|Any CPU.Build.0 = Release|Any CPU
		{4C46A8F2-359F-488D-91EC-0C893957BB8D}.Ad-Hoc|iPhone.ActiveCfg = Release|Any CPU
		{4C46A8F2-359F-488D-91EC-0C893957BB8D}.Ad-Hoc|iPhone.Build.0 = Release|Any CPU
		{4C46A8F2-359F-488D-91EC-0C893957BB8D}.Ad-Hoc|iPhoneSimulator.ActiveCfg = Release|Any CPU
		{4C46A8F2-359F-488D-91EC-0C893957BB8D}.Ad-Hoc|iPhoneSimulator.Build.0 = Release|Any CPU
		{4C46A8F2-359F-488D-91EC-0C893957BB8D}.AppStore|Any CPU.ActiveCfg = Release|Any CPU
		{4C46A8F2-359F-488D-91EC-0C893957BB8D}.AppStore|Any CPU.Build.0 = Release|Any CPU
		{4C46A8F2-359F-488D-91EC-0C893957BB8D}.AppStore|iPhone.ActiveCfg = Release|Any CPU
		{4C46A8F2-359F-488D-91EC-0C893957BB8D}.AppStore|iPhone.Build.0 = Release|Any CPU
		{4C46A8F2-359F-488D-91EC-0C893957BB8D}.AppStore|iPhoneSimulator.ActiveCfg = Release|Any CPU
		{4C46A8F2-359F-488D-91EC-0C893957BB8D}.AppStore|iPhoneSimulator.Build.0 = Release|Any CPU
		{4C46A8F2-359F-488D-91EC-0C893957BB8D}.Debug|Any CPU.ActiveCfg = Debug|Any CPU
		{4C46A8F2-359F-488D-91EC-0C893957BB8D}.Debug|Any CPU.Build.0 = Debug|Any CPU
		{4C46A8F2-359F-488D-91EC-0C893957BB8D}.Debug|iPhone.ActiveCfg = Debug|Any CPU
		{4C46A8F2-359F-488D-91EC-0C893957BB8D}.Debug|iPhone.Build.0 = Debug|Any CPU
		{4C46A8F2-359F-488D-91EC-0C893957BB8D}.Debug|iPhoneSimulator.ActiveCfg = Debug|Any CPU
		{4C46A8F2-359F-488D-91EC-0C893957BB8D}.Debug|iPhoneSimulator.Build.0 = Debug|Any CPU
		{4C46A8F2-359F-488D-91EC-0C893957BB8D}.Release|Any CPU.ActiveCfg = Release|Any CPU
		{4C46A8F2-359F-488D-91EC-0C893957BB8D}.Release|Any CPU.Build.0 = Release|Any CPU
		{4C46A8F2-359F-488D-91EC-0C893957BB8D}.Release|iPhone.ActiveCfg = Release|Any CPU
		{4C46A8F2-359F-488D-91EC-0C893957BB8D}.Release|iPhone.Build.0 = Release|Any CPU
		{4C46A8F2-359F-488D-91EC-0C893957BB8D}.Release|iPhoneSimulator.ActiveCfg = Release|Any CPU
		{4C46A8F2-359F-488D-91EC-0C893957BB8D}.Release|iPhoneSimulator.Build.0 = Release|Any CPU
		{B462449C-2A5D-4E6B-8ABF-09CF7C783F81}.Ad-Hoc|Any CPU.ActiveCfg = Release|Any CPU
		{B462449C-2A5D-4E6B-8ABF-09CF7C783F81}.Ad-Hoc|Any CPU.Build.0 = Release|Any CPU
		{B462449C-2A5D-4E6B-8ABF-09CF7C783F81}.Ad-Hoc|iPhone.ActiveCfg = Release|Any CPU
		{B462449C-2A5D-4E6B-8ABF-09CF7C783F81}.Ad-Hoc|iPhone.Build.0 = Release|Any CPU
		{B462449C-2A5D-4E6B-8ABF-09CF7C783F81}.Ad-Hoc|iPhoneSimulator.ActiveCfg = Release|Any CPU
		{B462449C-2A5D-4E6B-8ABF-09CF7C783F81}.Ad-Hoc|iPhoneSimulator.Build.0 = Release|Any CPU
		{B462449C-2A5D-4E6B-8ABF-09CF7C783F81}.AppStore|Any CPU.ActiveCfg = Release|Any CPU
		{B462449C-2A5D-4E6B-8ABF-09CF7C783F81}.AppStore|Any CPU.Build.0 = Release|Any CPU
		{B462449C-2A5D-4E6B-8ABF-09CF7C783F81}.AppStore|iPhone.ActiveCfg = Release|Any CPU
		{B462449C-2A5D-4E6B-8ABF-09CF7C783F81}.AppStore|iPhone.Build.0 = Release|Any CPU
		{B462449C-2A5D-4E6B-8ABF-09CF7C783F81}.AppStore|iPhoneSimulator.ActiveCfg = Release|Any CPU
		{B462449C-2A5D-4E6B-8ABF-09CF7C783F81}.AppStore|iPhoneSimulator.Build.0 = Release|Any CPU
		{B462449C-2A5D-4E6B-8ABF-09CF7C783F81}.Debug|Any CPU.ActiveCfg = Debug|Any CPU
		{B462449C-2A5D-4E6B-8ABF-09CF7C783F81}.Debug|Any CPU.Build.0 = Debug|Any CPU
		{B462449C-2A5D-4E6B-8ABF-09CF7C783F81}.Debug|iPhone.ActiveCfg = Debug|Any CPU
		{B462449C-2A5D-4E6B-8ABF-09CF7C783F81}.Debug|iPhone.Build.0 = Debug|Any CPU
		{B462449C-2A5D-4E6B-8ABF-09CF7C783F81}.Debug|iPhoneSimulator.ActiveCfg = Debug|Any CPU
		{B462449C-2A5D-4E6B-8ABF-09CF7C783F81}.Debug|iPhoneSimulator.Build.0 = Debug|Any CPU
		{B462449C-2A5D-4E6B-8ABF-09CF7C783F81}.Release|Any CPU.ActiveCfg = Release|Any CPU
		{B462449C-2A5D-4E6B-8ABF-09CF7C783F81}.Release|Any CPU.Build.0 = Release|Any CPU
		{B462449C-2A5D-4E6B-8ABF-09CF7C783F81}.Release|iPhone.ActiveCfg = Release|Any CPU
		{B462449C-2A5D-4E6B-8ABF-09CF7C783F81}.Release|iPhone.Build.0 = Release|Any CPU
		{B462449C-2A5D-4E6B-8ABF-09CF7C783F81}.Release|iPhoneSimulator.ActiveCfg = Release|Any CPU
		{B462449C-2A5D-4E6B-8ABF-09CF7C783F81}.Release|iPhoneSimulator.Build.0 = Release|Any CPU
	EndGlobalSection
	GlobalSection(SolutionProperties) = preSolution
		HideSolutionNode = FALSE
	EndGlobalSection
	GlobalSection(ExtensibilityGlobals) = postSolution
		SolutionGuid = {883F4403-F9C4-46F8-BEB1-385E68F582B4}
	EndGlobalSection
EndGlobal
